// !$*UTF8*$!
{
	archiveVersion = 1;
	classes = {
	};
	objectVersion = 46;
	objects = {

/* Begin PBXBuildFile section */
		404323621AB4E04D0089CEF5 /* AppDelegate.swift in Sources */ = {isa = PBXBuildFile; fileRef = 404323611AB4E04D0089CEF5 /* AppDelegate.swift */; };
		404323651AB4E04D0089CEF5 /* SwiftSMBExample.xcdatamodeld in Sources */ = {isa = PBXBuildFile; fileRef = 404323631AB4E04D0089CEF5 /* SwiftSMBExample.xcdatamodeld */; };
		404323671AB4E04D0089CEF5 /* ViewController.swift in Sources */ = {isa = PBXBuildFile; fileRef = 404323661AB4E04D0089CEF5 /* ViewController.swift */; };
		4043236A1AB4E04D0089CEF5 /* Main.storyboard in Resources */ = {isa = PBXBuildFile; fileRef = 404323681AB4E04D0089CEF5 /* Main.storyboard */; };
		4043236C1AB4E04D0089CEF5 /* Images.xcassets in Resources */ = {isa = PBXBuildFile; fileRef = 4043236B1AB4E04D0089CEF5 /* Images.xcassets */; };
		4043236F1AB4E04D0089CEF5 /* LaunchScreen.xib in Resources */ = {isa = PBXBuildFile; fileRef = 4043236D1AB4E04D0089CEF5 /* LaunchScreen.xib */; };
		4043237B1AB4E04D0089CEF5 /* SwiftSMBExampleTests.swift in Sources */ = {isa = PBXBuildFile; fileRef = 4043237A1AB4E04D0089CEF5 /* SwiftSMBExampleTests.swift */; };
/* End PBXBuildFile section */

/* Begin PBXContainerItemProxy section */
		404323751AB4E04D0089CEF5 /* PBXContainerItemProxy */ = {
			isa = PBXContainerItemProxy;
			containerPortal = 404323541AB4E04D0089CEF5 /* Project object */;
			proxyType = 1;
			remoteGlobalIDString = 4043235B1AB4E04D0089CEF5;
			remoteInfo = SwiftSMBExample;
		};
/* End PBXContainerItemProxy section */

/* Begin PBXFileReference section */
		4043235C1AB4E04D0089CEF5 /* SwiftSMBExample.app */ = {isa = PBXFileReference; explicitFileType = wrapper.application; includeInIndex = 0; path = SwiftSMBExample.app; sourceTree = BUILT_PRODUCTS_DIR; };
		404323601AB4E04D0089CEF5 /* Info.plist */ = {isa = PBXFileReference; lastKnownFileType = text.plist.xml; path = Info.plist; sourceTree = "<group>"; };
		404323611AB4E04D0089CEF5 /* AppDelegate.swift */ = {isa = PBXFileReference; lastKnownFileType = sourcecode.swift; path = AppDelegate.swift; sourceTree = "<group>"; };
		404323641AB4E04D0089CEF5 /* SwiftSMBExample.xcdatamodel */ = {isa = PBXFileReference; lastKnownFileType = wrapper.xcdatamodel; path = SwiftSMBExample.xcdatamodel; sourceTree = "<group>"; };
		404323661AB4E04D0089CEF5 /* ViewController.swift */ = {isa = PBXFileReference; lastKnownFileType = sourcecode.swift; path = ViewController.swift; sourceTree = "<group>"; };
		404323691AB4E04D0089CEF5 /* Base */ = {isa = PBXFileReference; lastKnownFileType = file.storyboard; name = Base; path = Base.lproj/Main.storyboard; sourceTree = "<group>"; };
		4043236B1AB4E04D0089CEF5 /* Images.xcassets */ = {isa = PBXFileReference; lastKnownFileType = folder.assetcatalog; path = Images.xcassets; sourceTree = "<group>"; };
		4043236E1AB4E04D0089CEF5 /* Base */ = {isa = PBXFileReference; lastKnownFileType = file.xib; name = Base; path = Base.lproj/LaunchScreen.xib; sourceTree = "<group>"; };
		404323741AB4E04D0089CEF5 /* SwiftSMBExampleTests.xctest */ = {isa = PBXFileReference; explicitFileType = wrapper.cfbundle; includeInIndex = 0; path = SwiftSMBExampleTests.xctest; sourceTree = BUILT_PRODUCTS_DIR; };
		404323791AB4E04D0089CEF5 /* Info.plist */ = {isa = PBXFileReference; lastKnownFileType = text.plist.xml; path = Info.plist; sourceTree = "<group>"; };
		4043237A1AB4E04D0089CEF5 /* SwiftSMBExampleTests.swift */ = {isa = PBXFileReference; lastKnownFileType = sourcecode.swift; path = SwiftSMBExampleTests.swift; sourceTree = "<group>"; };
/* End PBXFileReference section */

/* Begin PBXFrameworksBuildPhase section */
		404323591AB4E04D0089CEF5 /* Frameworks */ = {
			isa = PBXFrameworksBuildPhase;
			buildActionMask = 2147483647;
			files = (
			);
			runOnlyForDeploymentPostprocessing = 0;
		};
		404323711AB4E04D0089CEF5 /* Frameworks */ = {
			isa = PBXFrameworksBuildPhase;
			buildActionMask = 2147483647;
			files = (
			);
			runOnlyForDeploymentPostprocessing = 0;
		};
/* End PBXFrameworksBuildPhase section */

/* Begin PBXGroup section */
		404323531AB4E04D0089CEF5 = {
			isa = PBXGroup;
			children = (
				4043235E1AB4E04D0089CEF5 /* SwiftSMBExample */,
				404323771AB4E04D0089CEF5 /* SwiftSMBExampleTests */,
				4043235D1AB4E04D0089CEF5 /* Products */,
			);
			sourceTree = "<group>";
		};
		4043235D1AB4E04D0089CEF5 /* Products */ = {
			isa = PBXGroup;
			children = (
				4043235C1AB4E04D0089CEF5 /* SwiftSMBExample.app */,
				404323741AB4E04D0089CEF5 /* SwiftSMBExampleTests.xctest */,
			);
			name = Products;
			sourceTree = "<group>";
		};
		4043235E1AB4E04D0089CEF5 /* SwiftSMBExample */ = {
			isa = PBXGroup;
			children = (
				404323611AB4E04D0089CEF5 /* AppDelegate.swift */,
				404323661AB4E04D0089CEF5 /* ViewController.swift */,
				404323681AB4E04D0089CEF5 /* Main.storyboard */,
				4043236B1AB4E04D0089CEF5 /* Images.xcassets */,
				4043236D1AB4E04D0089CEF5 /* LaunchScreen.xib */,
				404323631AB4E04D0089CEF5 /* SwiftSMBExample.xcdatamodeld */,
				4043235F1AB4E04D0089CEF5 /* Supporting Files */,
			);
			path = SwiftSMBExample;
			sourceTree = "<group>";
		};
		4043235F1AB4E04D0089CEF5 /* Supporting Files */ = {
			isa = PBXGroup;
			children = (
				404323601AB4E04D0089CEF5 /* Info.plist */,
			);
			name = "Supporting Files";
			sourceTree = "<group>";
		};
		404323771AB4E04D0089CEF5 /* SwiftSMBExampleTests */ = {
			isa = PBXGroup;
			children = (
				4043237A1AB4E04D0089CEF5 /* SwiftSMBExampleTests.swift */,
				404323781AB4E04D0089CEF5 /* Supporting Files */,
			);
			path = SwiftSMBExampleTests;
			sourceTree = "<group>";
		};
		404323781AB4E04D0089CEF5 /* Supporting Files */ = {
			isa = PBXGroup;
			children = (
				404323791AB4E04D0089CEF5 /* Info.plist */,
			);
			name = "Supporting Files";
			sourceTree = "<group>";
		};
/* End PBXGroup section */

/* Begin PBXNativeTarget section */
		4043235B1AB4E04D0089CEF5 /* SwiftSMBExample */ = {
			isa = PBXNativeTarget;
			buildConfigurationList = 4043237E1AB4E04D0089CEF5 /* Build configuration list for PBXNativeTarget "SwiftSMBExample" */;
			buildPhases = (
				404323581AB4E04D0089CEF5 /* Sources */,
				404323591AB4E04D0089CEF5 /* Frameworks */,
				4043235A1AB4E04D0089CEF5 /* Resources */,
			);
			buildRules = (
			);
			dependencies = (
			);
			name = SwiftSMBExample;
			productName = SwiftSMBExample;
			productReference = 4043235C1AB4E04D0089CEF5 /* SwiftSMBExample.app */;
			productType = "com.apple.product-type.application";
		};
		404323731AB4E04D0089CEF5 /* SwiftSMBExampleTests */ = {
			isa = PBXNativeTarget;
			buildConfigurationList = 404323811AB4E04D0089CEF5 /* Build configuration list for PBXNativeTarget "SwiftSMBExampleTests" */;
			buildPhases = (
				404323701AB4E04D0089CEF5 /* Sources */,
				404323711AB4E04D0089CEF5 /* Frameworks */,
				404323721AB4E04D0089CEF5 /* Resources */,
			);
			buildRules = (
			);
			dependencies = (
				404323761AB4E04D0089CEF5 /* PBXTargetDependency */,
			);
			name = SwiftSMBExampleTests;
			productName = SwiftSMBExampleTests;
			productReference = 404323741AB4E04D0089CEF5 /* SwiftSMBExampleTests.xctest */;
			productType = "com.apple.product-type.bundle.unit-test";
		};
/* End PBXNativeTarget section */

/* Begin PBXProject section */
		404323541AB4E04D0089CEF5 /* Project object */ = {
			isa = PBXProject;
			attributes = {
				LastUpgradeCheck = 0610;
				ORGANIZATIONNAME = "Tian-Shun Allan Jiang";
				TargetAttributes = {
					4043235B1AB4E04D0089CEF5 = {
						CreatedOnToolsVersion = 6.1.1;
					};
					404323731AB4E04D0089CEF5 = {
						CreatedOnToolsVersion = 6.1.1;
						TestTargetID = 4043235B1AB4E04D0089CEF5;
					};
				};
			};
			buildConfigurationList = 404323571AB4E04D0089CEF5 /* Build configuration list for PBXProject "SwiftSMBExample" */;
			compatibilityVersion = "Xcode 3.2";
			developmentRegion = English;
			hasScannedForEncodings = 0;
			knownRegions = (
				en,
				Base,
			);
			mainGroup = 404323531AB4E04D0089CEF5;
			productRefGroup = 4043235D1AB4E04D0089CEF5 /* Products */;
			projectDirPath = "";
			projectRoot = "";
			targets = (
				4043235B1AB4E04D0089CEF5 /* SwiftSMBExample */,
				404323731AB4E04D0089CEF5 /* SwiftSMBExampleTests */,
			);
		};
/* End PBXProject section */

/* Begin PBXResourcesBuildPhase section */
		4043235A1AB4E04D0089CEF5 /* Resources */ = {
			isa = PBXResourcesBuildPhase;
			buildActionMask = 2147483647;
			files = (
				4043236A1AB4E04D0089CEF5 /* Main.storyboard in Resources */,
				4043236F1AB4E04D0089CEF5 /* LaunchScreen.xib in Resources */,
				4043236C1AB4E04D0089CEF5 /* Images.xcassets in Resources */,
			);
			runOnlyForDeploymentPostprocessing = 0;
		};
		404323721AB4E04D0089CEF5 /* Resources */ = {
			isa = PBXResourcesBuildPhase;
			buildActionMask = 2147483647;
			files = (
			);
			runOnlyForDeploymentPostprocessing = 0;
		};
/* End PBXResourcesBuildPhase section */

/* Begin PBXSourcesBuildPhase section */
		404323581AB4E04D0089CEF5 /* Sources */ = {
			isa = PBXSourcesBuildPhase;
			buildActionMask = 2147483647;
			files = (
				404323671AB4E04D0089CEF5 /* ViewController.swift in Sources */,
				404323621AB4E04D0089CEF5 /* AppDelegate.swift in Sources */,
				404323651AB4E04D0089CEF5 /* SwiftSMBExample.xcdatamodeld in Sources */,
			);
			runOnlyForDeploymentPostprocessing = 0;
		};
		404323701AB4E04D0089CEF5 /* Sources */ = {
			isa = PBXSourcesBuildPhase;
			buildActionMask = 2147483647;
			files = (
				4043237B1AB4E04D0089CEF5 /* SwiftSMBExampleTests.swift in Sources */,
			);
			runOnlyForDeploymentPostprocessing = 0;
		};
/* End PBXSourcesBuildPhase section */

/* Begin PBXTargetDependency section */
		404323761AB4E04D0089CEF5 /* PBXTargetDependency */ = {
			isa = PBXTargetDependency;
			target = 4043235B1AB4E04D0089CEF5 /* SwiftSMBExample */;
			targetProxy = 404323751AB4E04D0089CEF5 /* PBXContainerItemProxy */;
		};
/* End PBXTargetDependency section */

/* Begin PBXVariantGroup section */
		404323681AB4E04D0089CEF5 /* Main.storyboard */ = {
			isa = PBXVariantGroup;
			children = (
				404323691AB4E04D0089CEF5 /* Base */,
			);
			name = Main.storyboard;
			sourceTree = "<group>";
		};
		4043236D1AB4E04D0089CEF5 /* LaunchScreen.xib */ = {
			isa = PBXVariantGroup;
			children = (
				4043236E1AB4E04D0089CEF5 /* Base */,
			);
			name = LaunchScreen.xib;
			sourceTree = "<group>";
		};
/* End PBXVariantGroup section */

/* Begin XCBuildConfiguration section */
		4043237C1AB4E04D0089CEF5 /* Debug */ = {
			isa = XCBuildConfiguration;
			buildSettings = {
				ALWAYS_SEARCH_USER_PATHS = NO;
				CLANG_CXX_LANGUAGE_STANDARD = "gnu++0x";
				CLANG_CXX_LIBRARY = "libc++";
				CLANG_ENABLE_MODULES = YES;
				CLANG_ENABLE_OBJC_ARC = YES;
				CLANG_WARN_BOOL_CONVERSION = YES;
				CLANG_WARN_CONSTANT_CONVERSION = YES;
				CLANG_WARN_DIRECT_OBJC_ISA_USAGE = YES_ERROR;
				CLANG_WARN_EMPTY_BODY = YES;
				CLANG_WARN_ENUM_CONVERSION = YES;
				CLANG_WARN_INT_CONVERSION = YES;
				CLANG_WARN_OBJC_ROOT_CLASS = YES_ERROR;
				CLANG_WARN_UNREACHABLE_CODE = YES;
				CLANG_WARN__DUPLICATE_METHOD_MATCH = YES;
				"CODE_SIGN_IDENTITY[sdk=iphoneos*]" = "iPhone Developer";
				COPY_PHASE_STRIP = NO;
				ENABLE_STRICT_OBJC_MSGSEND = YES;
				GCC_C_LANGUAGE_STANDARD = gnu99;
				GCC_DYNAMIC_NO_PIC = NO;
				GCC_OPTIMIZATION_LEVEL = 0;
				GCC_PREPROCESSOR_DEFINITIONS = (
					"DEBUG=1",
					"$(inherited)",
				);
				GCC_SYMBOLS_PRIVATE_EXTERN = NO;
				GCC_WARN_64_TO_32_BIT_CONVERSION = YES;
				GCC_WARN_ABOUT_RETURN_TYPE = YES_ERROR;
				GCC_WARN_UNDECLARED_SELECTOR = YES;
				GCC_WARN_UNINITIALIZED_AUTOS = YES_AGGRESSIVE;
				GCC_WARN_UNUSED_FUNCTION = YES;
				GCC_WARN_UNUSED_VARIABLE = YES;
				IPHONEOS_DEPLOYMENT_TARGET = 8.1;
				MTL_ENABLE_DEBUG_INFO = YES;
				ONLY_ACTIVE_ARCH = YES;
				SDKROOT = iphoneos;
				SWIFT_OPTIMIZATION_LEVEL = "-Onone";
				TARGETED_DEVICE_FAMILY = "1,2";
			};
			name = Debug;
		};
		4043237D1AB4E04D0089CEF5 /* Release */ = {
			isa = XCBuildConfiguration;
			buildSettings = {
				ALWAYS_SEARCH_USER_PATHS = NO;
				CLANG_CXX_LANGUAGE_STANDARD = "gnu++0x";
				CLANG_CXX_LIBRARY = "libc++";
				CLANG_ENABLE_MODULES = YES;
				CLANG_ENABLE_OBJC_ARC = YES;
				CLANG_WARN_BOOL_CONVERSION = YES;
				CLANG_WARN_CONSTANT_CONVERSION = YES;
				CLANG_WARN_DIRECT_OBJC_ISA_USAGE = YES_ERROR;
				CLANG_WARN_EMPTY_BODY = YES;
				CLANG_WARN_ENUM_CONVERSION = YES;
				CLANG_WARN_INT_CONVERSION = YES;
				CLANG_WARN_OBJC_ROOT_CLASS = YES_ERROR;
				CLANG_WARN_UNREACHABLE_CODE = YES;
				CLANG_WARN__DUPLICATE_METHOD_MATCH = YES;
				"CODE_SIGN_IDENTITY[sdk=iphoneos*]" = "iPhone Developer";
				COPY_PHASE_STRIP = YES;
				ENABLE_NS_ASSERTIONS = NO;
				ENABLE_STRICT_OBJC_MSGSEND = YES;
				GCC_C_LANGUAGE_STANDARD = gnu99;
				GCC_WARN_64_TO_32_BIT_CONVERSION = YES;
				GCC_WARN_ABOUT_RETURN_TYPE = YES_ERROR;
				GCC_WARN_UNDECLARED_SELECTOR = YES;
				GCC_WARN_UNINITIALIZED_AUTOS = YES_AGGRESSIVE;
				GCC_WARN_UNUSED_FUNCTION = YES;
				GCC_WARN_UNUSED_VARIABLE = YES;
				IPHONEOS_DEPLOYMENT_TARGET = 8.1;
				MTL_ENABLE_DEBUG_INFO = NO;
				SDKROOT = iphoneos;
				TARGETED_DEVICE_FAMILY = "1,2";
				VALIDATE_PRODUCT = YES;
			};
			name = Release;
		};
		4043237F1AB4E04D0089CEF5 /* Debug */ = {
			isa = XCBuildConfiguration;
			buildSettings = {
				ASSETCATALOG_COMPILER_APPICON_NAME = AppIcon;
				INFOPLIST_FILE = SwiftSMBExample/Info.plist;
				LD_RUNPATH_SEARCH_PATHS = "$(inherited) @executable_path/Frameworks";
				PRODUCT_NAME = "$(TARGET_NAME)";
			};
			name = Debug;
		};
		404323801AB4E04D0089CEF5 /* Release */ = {
			isa = XCBuildConfiguration;
			buildSettings = {
				ASSETCATALOG_COMPILER_APPICON_NAME = AppIcon;
				INFOPLIST_FILE = SwiftSMBExample/Info.plist;
				LD_RUNPATH_SEARCH_PATHS = "$(inherited) @executable_path/Frameworks";
				PRODUCT_NAME = "$(TARGET_NAME)";
			};
			name = Release;
		};
		404323821AB4E04D0089CEF5 /* Debug */ = {
			isa = XCBuildConfiguration;
			buildSettings = {
				BUNDLE_LOADER = "$(TEST_HOST)";
				FRAMEWORK_SEARCH_PATHS = (
					"$(SDKROOT)/Developer/Library/Frameworks",
					"$(inherited)",
				);
				GCC_PREPROCESSOR_DEFINITIONS = (
					"DEBUG=1",
					"$(inherited)",
				);
				INFOPLIST_FILE = SwiftSMBExampleTests/Info.plist;
				LD_RUNPATH_SEARCH_PATHS = "$(inherited) @executable_path/Frameworks @loader_path/Frameworks";
				PRODUCT_NAME = "$(TARGET_NAME)";
				TEST_HOST = "$(BUILT_PRODUCTS_DIR)/SwiftSMBExample.app/SwiftSMBExample";
			};
			name = Debug;
		};
		404323831AB4E04D0089CEF5 /* Release */ = {
			isa = XCBuildConfiguration;
			buildSettings = {
				BUNDLE_LOADER = "$(TEST_HOST)";
				FRAMEWORK_SEARCH_PATHS = (
					"$(SDKROOT)/Developer/Library/Frameworks",
					"$(inherited)",
				);
				INFOPLIST_FILE = SwiftSMBExampleTests/Info.plist;
				LD_RUNPATH_SEARCH_PATHS = "$(inherited) @executable_path/Frameworks @loader_path/Frameworks";
				PRODUCT_NAME = "$(TARGET_NAME)";
				TEST_HOST = "$(BUILT_PRODUCTS_DIR)/SwiftSMBExample.app/SwiftSMBExample";
			};
			name = Release;
		};
/* End XCBuildConfiguration section */

/* Begin XCConfigurationList section */
		404323571AB4E04D0089CEF5 /* Build configuration list for PBXProject "SwiftSMBExample" */ = {
			isa = XCConfigurationList;
			buildConfigurations = (
				4043237C1AB4E04D0089CEF5 /* Debug */,
				4043237D1AB4E04D0089CEF5 /* Release */,
			);
			defaultConfigurationIsVisible = 0;
			defaultConfigurationName = Release;
		};
		4043237E1AB4E04D0089CEF5 /* Build configuration list for PBXNativeTarget "SwiftSMBExample" */ = {
			isa = XCConfigurationList;
			buildConfigurations = (
				4043237F1AB4E04D0089CEF5 /* Debug */,
				404323801AB4E04D0089CEF5 /* Release */,
			);
			defaultConfigurationIsVisible = 0;
		};
		404323811AB4E04D0089CEF5 /* Build configuration list for PBXNativeTarget "SwiftSMBExampleTests" */ = {
			isa = XCConfigurationList;
			buildConfigurations = (
				404323821AB4E04D0089CEF5 /* Debug */,
				404323831AB4E04D0089CEF5 /* Release */,
			);
			defaultConfigurationIsVisible = 0;
		};
/* End XCConfigurationList section */

/* Begin XCVersionGroup section */
		404323631AB4E04D0089CEF5 /* SwiftSMBExample.xcdatamodeld */ = {
			isa = XCVersionGroup;
			children = (
				404323641AB4E04D0089CEF5 /* SwiftSMBExample.xcdatamodel */,
			);
			currentVersion = 404323641AB4E04D0089CEF5 /* SwiftSMBExample.xcdatamodel */;
			path = SwiftSMBExample.xcdatamodeld;
			sourceTree = "<group>";
			versionGroupType = wrapper.xcdatamodel;
		};
/* End XCVersionGroup section */
	};
	rootObject = 404323541AB4E04D0089CEF5 /* Project object */;
}
